// !$*UTF8*$!
{
	archiveVersion = 1;
	classes = {
	};
	objectVersion = 46;
	objects = {

/* Begin PBXBuildFile section */
		5ADC81701E201C4B00B71DE6 /* AppDelegate.swift in Sources */ = {isa = PBXBuildFile; fileRef = 5ADC816F1E201C4B00B71DE6 /* AppDelegate.swift */; };
		5ADC81721E201C4B00B71DE6 /* MainVC.swift in Sources */ = {isa = PBXBuildFile; fileRef = 5ADC81711E201C4B00B71DE6 /* MainVC.swift */; };
		5ADC81751E201C4B00B71DE6 /* Main.storyboard in Resources */ = {isa = PBXBuildFile; fileRef = 5ADC81731E201C4B00B71DE6 /* Main.storyboard */; };
		5ADC81771E201C4B00B71DE6 /* Assets.xcassets in Resources */ = {isa = PBXBuildFile; fileRef = 5ADC81761E201C4B00B71DE6 /* Assets.xcassets */; };
		5ADC817A1E201C4B00B71DE6 /* LaunchScreen.storyboard in Resources */ = {isa = PBXBuildFile; fileRef = 5ADC81781E201C4B00B71DE6 /* LaunchScreen.storyboard */; };
		5ADC81851E201C4B00B71DE6 /* party_rockTests.swift in Sources */ = {isa = PBXBuildFile; fileRef = 5ADC81841E201C4B00B71DE6 /* party_rockTests.swift */; };
		5ADC81901E201C4B00B71DE6 /* party_rockUITests.swift in Sources */ = {isa = PBXBuildFile; fileRef = 5ADC818F1E201C4B00B71DE6 /* party_rockUITests.swift */; };
		5ADC81A51E20206E00B71DE6 /* still time.ttf in Resources */ = {isa = PBXBuildFile; fileRef = 5ADC81A41E20206E00B71DE6 /* still time.ttf */; };
		5ADC81A71E20212400B71DE6 /* VideoVC.swift in Sources */ = {isa = PBXBuildFile; fileRef = 5ADC81A61E20212400B71DE6 /* VideoVC.swift */; };
/* End PBXBuildFile section */

/* Begin PBXContainerItemProxy section */
		5ADC81811E201C4B00B71DE6 /* PBXContainerItemProxy */ = {
			isa = PBXContainerItemProxy;
			containerPortal = 5ADC81641E201C4B00B71DE6 /* Project object */;
			proxyType = 1;
			remoteGlobalIDString = 5ADC816B1E201C4B00B71DE6;
			remoteInfo = "party-rock";
		};
		5ADC818C1E201C4B00B71DE6 /* PBXContainerItemProxy */ = {
			isa = PBXContainerItemProxy;
			containerPortal = 5ADC81641E201C4B00B71DE6 /* Project object */;
			proxyType = 1;
			remoteGlobalIDString = 5ADC816B1E201C4B00B71DE6;
			remoteInfo = "party-rock";
		};
/* End PBXContainerItemProxy section */

/* Begin PBXFileReference section */
		5ADC816C1E201C4B00B71DE6 /* party-rock.app */ = {isa = PBXFileReference; explicitFileType = wrapper.application; includeInIndex = 0; path = "party-rock.app"; sourceTree = BUILT_PRODUCTS_DIR; };
		5ADC816F1E201C4B00B71DE6 /* AppDelegate.swift */ = {isa = PBXFileReference; lastKnownFileType = sourcecode.swift; path = AppDelegate.swift; sourceTree = "<group>"; };
		5ADC81711E201C4B00B71DE6 /* MainVC.swift */ = {isa = PBXFileReference; lastKnownFileType = sourcecode.swift; path = MainVC.swift; sourceTree = "<group>"; };
		5ADC81741E201C4B00B71DE6 /* Base */ = {isa = PBXFileReference; lastKnownFileType = file.storyboard; name = Base; path = Base.lproj/Main.storyboard; sourceTree = "<group>"; };
		5ADC81761E201C4B00B71DE6 /* Assets.xcassets */ = {isa = PBXFileReference; lastKnownFileType = folder.assetcatalog; path = Assets.xcassets; sourceTree = "<group>"; };
		5ADC81791E201C4B00B71DE6 /* Base */ = {isa = PBXFileReference; lastKnownFileType = file.storyboard; name = Base; path = Base.lproj/LaunchScreen.storyboard; sourceTree = "<group>"; };
		5ADC817B1E201C4B00B71DE6 /* Info.plist */ = {isa = PBXFileReference; lastKnownFileType = text.plist.xml; path = Info.plist; sourceTree = "<group>"; };
		5ADC81801E201C4B00B71DE6 /* party-rockTests.xctest */ = {isa = PBXFileReference; explicitFileType = wrapper.cfbundle; includeInIndex = 0; path = "party-rockTests.xctest"; sourceTree = BUILT_PRODUCTS_DIR; };
		5ADC81841E201C4B00B71DE6 /* party_rockTests.swift */ = {isa = PBXFileReference; lastKnownFileType = sourcecode.swift; path = party_rockTests.swift; sourceTree = "<group>"; };
		5ADC81861E201C4B00B71DE6 /* Info.plist */ = {isa = PBXFileReference; lastKnownFileType = text.plist.xml; path = Info.plist; sourceTree = "<group>"; };
		5ADC818B1E201C4B00B71DE6 /* party-rockUITests.xctest */ = {isa = PBXFileReference; explicitFileType = wrapper.cfbundle; includeInIndex = 0; path = "party-rockUITests.xctest"; sourceTree = BUILT_PRODUCTS_DIR; };
		5ADC818F1E201C4B00B71DE6 /* party_rockUITests.swift */ = {isa = PBXFileReference; lastKnownFileType = sourcecode.swift; path = party_rockUITests.swift; sourceTree = "<group>"; };
		5ADC81911E201C4B00B71DE6 /* Info.plist */ = {isa = PBXFileReference; lastKnownFileType = text.plist.xml; path = Info.plist; sourceTree = "<group>"; };
		5ADC81A41E20206E00B71DE6 /* still time.ttf */ = {isa = PBXFileReference; lastKnownFileType = file; path = "still time.ttf"; sourceTree = "<group>"; };
		5ADC81A61E20212400B71DE6 /* VideoVC.swift */ = {isa = PBXFileReference; fileEncoding = 4; lastKnownFileType = sourcecode.swift; path = VideoVC.swift; sourceTree = "<group>"; };
/* End PBXFileReference section */

/* Begin PBXFrameworksBuildPhase section */
		5ADC81691E201C4B00B71DE6 /* Frameworks */ = {
			isa = PBXFrameworksBuildPhase;
			buildActionMask = 2147483647;
			files = (
			);
			runOnlyForDeploymentPostprocessing = 0;
		};
		5ADC817D1E201C4B00B71DE6 /* Frameworks */ = {
			isa = PBXFrameworksBuildPhase;
			buildActionMask = 2147483647;
			files = (
			);
			runOnlyForDeploymentPostprocessing = 0;
		};
		5ADC81881E201C4B00B71DE6 /* Frameworks */ = {
			isa = PBXFrameworksBuildPhase;
			buildActionMask = 2147483647;
			files = (
			);
			runOnlyForDeploymentPostprocessing = 0;
		};
/* End PBXFrameworksBuildPhase section */

/* Begin PBXGroup section */
		5ADC81631E201C4B00B71DE6 = {
			isa = PBXGroup;
			children = (
				5ADC816E1E201C4B00B71DE6 /* party-rock */,
				5ADC81831E201C4B00B71DE6 /* party-rockTests */,
				5ADC818E1E201C4B00B71DE6 /* party-rockUITests */,
				5ADC816D1E201C4B00B71DE6 /* Products */,
			);
			sourceTree = "<group>";
		};
		5ADC816D1E201C4B00B71DE6 /* Products */ = {
			isa = PBXGroup;
			children = (
				5ADC816C1E201C4B00B71DE6 /* party-rock.app */,
				5ADC81801E201C4B00B71DE6 /* party-rockTests.xctest */,
				5ADC818B1E201C4B00B71DE6 /* party-rockUITests.xctest */,
			);
			name = Products;
			sourceTree = "<group>";
		};
		5ADC816E1E201C4B00B71DE6 /* party-rock */ = {
			isa = PBXGroup;
			children = (
				5ADC816F1E201C4B00B71DE6 /* AppDelegate.swift */,
				5ADC81711E201C4B00B71DE6 /* MainVC.swift */,
				5ADC81A61E20212400B71DE6 /* VideoVC.swift */,
				5ADC81731E201C4B00B71DE6 /* Main.storyboard */,
				5ADC81761E201C4B00B71DE6 /* Assets.xcassets */,
				5ADC81781E201C4B00B71DE6 /* LaunchScreen.storyboard */,
				5ADC81A41E20206E00B71DE6 /* still time.ttf */,
				5ADC817B1E201C4B00B71DE6 /* Info.plist */,
			);
			path = "party-rock";
			sourceTree = "<group>";
		};
		5ADC81831E201C4B00B71DE6 /* party-rockTests */ = {
			isa = PBXGroup;
			children = (
				5ADC81841E201C4B00B71DE6 /* party_rockTests.swift */,
				5ADC81861E201C4B00B71DE6 /* Info.plist */,
			);
			path = "party-rockTests";
			sourceTree = "<group>";
		};
		5ADC818E1E201C4B00B71DE6 /* party-rockUITests */ = {
			isa = PBXGroup;
			children = (
				5ADC818F1E201C4B00B71DE6 /* party_rockUITests.swift */,
				5ADC81911E201C4B00B71DE6 /* Info.plist */,
			);
			path = "party-rockUITests";
			sourceTree = "<group>";
		};
/* End PBXGroup section */

/* Begin PBXNativeTarget section */
		5ADC816B1E201C4B00B71DE6 /* party-rock */ = {
			isa = PBXNativeTarget;
			buildConfigurationList = 5ADC81941E201C4B00B71DE6 /* Build configuration list for PBXNativeTarget "party-rock" */;
			buildPhases = (
				5ADC81681E201C4B00B71DE6 /* Sources */,
				5ADC81691E201C4B00B71DE6 /* Frameworks */,
				5ADC816A1E201C4B00B71DE6 /* Resources */,
			);
			buildRules = (
			);
			dependencies = (
			);
			name = "party-rock";
			productName = "party-rock";
			productReference = 5ADC816C1E201C4B00B71DE6 /* party-rock.app */;
			productType = "com.apple.product-type.application";
		};
		5ADC817F1E201C4B00B71DE6 /* party-rockTests */ = {
			isa = PBXNativeTarget;
			buildConfigurationList = 5ADC81971E201C4B00B71DE6 /* Build configuration list for PBXNativeTarget "party-rockTests" */;
			buildPhases = (
				5ADC817C1E201C4B00B71DE6 /* Sources */,
				5ADC817D1E201C4B00B71DE6 /* Frameworks */,
				5ADC817E1E201C4B00B71DE6 /* Resources */,
			);
			buildRules = (
			);
			dependencies = (
				5ADC81821E201C4B00B71DE6 /* PBXTargetDependency */,
			);
			name = "party-rockTests";
			productName = "party-rockTests";
			productReference = 5ADC81801E201C4B00B71DE6 /* party-rockTests.xctest */;
			productType = "com.apple.product-type.bundle.unit-test";
		};
		5ADC818A1E201C4B00B71DE6 /* party-rockUITests */ = {
			isa = PBXNativeTarget;
			buildConfigurationList = 5ADC819A1E201C4B00B71DE6 /* Build configuration list for PBXNativeTarget "party-rockUITests" */;
			buildPhases = (
				5ADC81871E201C4B00B71DE6 /* Sources */,
				5ADC81881E201C4B00B71DE6 /* Frameworks */,
				5ADC81891E201C4B00B71DE6 /* Resources */,
			);
			buildRules = (
			);
			dependencies = (
				5ADC818D1E201C4B00B71DE6 /* PBXTargetDependency */,
			);
			name = "party-rockUITests";
			productName = "party-rockUITests";
			productReference = 5ADC818B1E201C4B00B71DE6 /* party-rockUITests.xctest */;
			productType = "com.apple.product-type.bundle.ui-testing";
		};
/* End PBXNativeTarget section */

/* Begin PBXProject section */
		5ADC81641E201C4B00B71DE6 /* Project object */ = {
			isa = PBXProject;
			attributes = {
				LastSwiftUpdateCheck = 0820;
				LastUpgradeCheck = 0820;
				ORGANIZATIONNAME = "Yuen Hsi Chang";
				TargetAttributes = {
					5ADC816B1E201C4B00B71DE6 = {
						CreatedOnToolsVersion = 8.2.1;
						ProvisioningStyle = Automatic;
					};
					5ADC817F1E201C4B00B71DE6 = {
						CreatedOnToolsVersion = 8.2.1;
						ProvisioningStyle = Automatic;
						TestTargetID = 5ADC816B1E201C4B00B71DE6;
					};
					5ADC818A1E201C4B00B71DE6 = {
						CreatedOnToolsVersion = 8.2.1;
						ProvisioningStyle = Automatic;
						TestTargetID = 5ADC816B1E201C4B00B71DE6;
					};
				};
			};
			buildConfigurationList = 5ADC81671E201C4B00B71DE6 /* Build configuration list for PBXProject "party-rock" */;
			compatibilityVersion = "Xcode 3.2";
			developmentRegion = English;
			hasScannedForEncodings = 0;
			knownRegions = (
				en,
				Base,
			);
			mainGroup = 5ADC81631E201C4B00B71DE6;
			productRefGroup = 5ADC816D1E201C4B00B71DE6 /* Products */;
			projectDirPath = "";
			projectRoot = "";
			targets = (
				5ADC816B1E201C4B00B71DE6 /* party-rock */,
				5ADC817F1E201C4B00B71DE6 /* party-rockTests */,
				5ADC818A1E201C4B00B71DE6 /* party-rockUITests */,
			);
		};
/* End PBXProject section */

/* Begin PBXResourcesBuildPhase section */
		5ADC816A1E201C4B00B71DE6 /* Resources */ = {
			isa = PBXResourcesBuildPhase;
			buildActionMask = 2147483647;
			files = (
				5ADC817A1E201C4B00B71DE6 /* LaunchScreen.storyboard in Resources */,
				5ADC81A51E20206E00B71DE6 /* still time.ttf in Resources */,
				5ADC81771E201C4B00B71DE6 /* Assets.xcassets in Resources */,
				5ADC81751E201C4B00B71DE6 /* Main.storyboard in Resources */,
			);
			runOnlyForDeploymentPostprocessing = 0;
		};
		5ADC817E1E201C4B00B71DE6 /* Resources */ = {
			isa = PBXResourcesBuildPhase;
			buildActionMask = 2147483647;
			files = (
			);
			runOnlyForDeploymentPostprocessing = 0;
		};
		5ADC81891E201C4B00B71DE6 /* Resources */ = {
			isa = PBXResourcesBuildPhase;
			buildActionMask = 2147483647;
			files = (
			);
			runOnlyForDeploymentPostprocessing = 0;
		};
/* End PBXResourcesBuildPhase section */

/* Begin PBXSourcesBuildPhase section */
		5ADC81681E201C4B00B71DE6 /* Sources */ = {
			isa = PBXSourcesBuildPhase;
			buildActionMask = 2147483647;
			files = (
				5ADC81A71E20212400B71DE6 /* VideoVC.swift in Sources */,
				5ADC81721E201C4B00B71DE6 /* MainVC.swift in Sources */,
				5ADC81701E201C4B00B71DE6 /* AppDelegate.swift in Sources */,
			);
			runOnlyForDeploymentPostprocessing = 0;
		};
		5ADC817C1E201C4B00B71DE6 /* Sources */ = {
			isa = PBXSourcesBuildPhase;
			buildActionMask = 2147483647;
			files = (
				5ADC81851E201C4B00B71DE6 /* party_rockTests.swift in Sources */,
			);
			runOnlyForDeploymentPostprocessing = 0;
		};
		5ADC81871E201C4B00B71DE6 /* Sources */ = {
			isa = PBXSourcesBuildPhase;
			buildActionMask = 2147483647;
			files = (
				5ADC81901E201C4B00B71DE6 /* party_rockUITests.swift in Sources */,
			);
			runOnlyForDeploymentPostprocessing = 0;
		};
/* End PBXSourcesBuildPhase section */

/* Begin PBXTargetDependency section */
		5ADC81821E201C4B00B71DE6 /* PBXTargetDependency */ = {
			isa = PBXTargetDependency;
			target = 5ADC816B1E201C4B00B71DE6 /* party-rock */;
			targetProxy = 5ADC81811E201C4B00B71DE6 /* PBXContainerItemProxy */;
		};
		5ADC818D1E201C4B00B71DE6 /* PBXTargetDependency */ = {
			isa = PBXTargetDependency;
			target = 5ADC816B1E201C4B00B71DE6 /* party-rock */;
			targetProxy = 5ADC818C1E201C4B00B71DE6 /* PBXContainerItemProxy */;
		};
/* End PBXTargetDependency section */

/* Begin PBXVariantGroup section */
		5ADC81731E201C4B00B71DE6 /* Main.storyboard */ = {
			isa = PBXVariantGroup;
			children = (
				5ADC81741E201C4B00B71DE6 /* Base */,
			);
			name = Main.storyboard;
			sourceTree = "<group>";
		};
		5ADC81781E201C4B00B71DE6 /* LaunchScreen.storyboard */ = {
			isa = PBXVariantGroup;
			children = (
				5ADC81791E201C4B00B71DE6 /* Base */,
			);
			name = LaunchScreen.storyboard;
			sourceTree = "<group>";
		};
/* End PBXVariantGroup section */

/* Begin XCBuildConfiguration section */
		5ADC81921E201C4B00B71DE6 /* Debug */ = {
			isa = XCBuildConfiguration;
			buildSettings = {
				ALWAYS_SEARCH_USER_PATHS = NO;
				CLANG_ANALYZER_NONNULL = YES;
				CLANG_CXX_LANGUAGE_STANDARD = "gnu++0x";
				CLANG_CXX_LIBRARY = "libc++";
				CLANG_ENABLE_MODULES = YES;
				CLANG_ENABLE_OBJC_ARC = YES;
				CLANG_WARN_BOOL_CONVERSION = YES;
				CLANG_WARN_CONSTANT_CONVERSION = YES;
				CLANG_WARN_DIRECT_OBJC_ISA_USAGE = YES_ERROR;
				CLANG_WARN_DOCUMENTATION_COMMENTS = YES;
				CLANG_WARN_EMPTY_BODY = YES;
				CLANG_WARN_ENUM_CONVERSION = YES;
				CLANG_WARN_INFINITE_RECURSION = YES;
				CLANG_WARN_INT_CONVERSION = YES;
				CLANG_WARN_OBJC_ROOT_CLASS = YES_ERROR;
				CLANG_WARN_SUSPICIOUS_MOVE = YES;
				CLANG_WARN_UNREACHABLE_CODE = YES;
				CLANG_WARN__DUPLICATE_METHOD_MATCH = YES;
				"CODE_SIGN_IDENTITY[sdk=iphoneos*]" = "iPhone Developer";
				COPY_PHASE_STRIP = NO;
				DEBUG_INFORMATION_FORMAT = dwarf;
				ENABLE_STRICT_OBJC_MSGSEND = YES;
				ENABLE_TESTABILITY = YES;
				GCC_C_LANGUAGE_STANDARD = gnu99;
				GCC_DYNAMIC_NO_PIC = NO;
				GCC_NO_COMMON_BLOCKS = YES;
				GCC_OPTIMIZATION_LEVEL = 0;
				GCC_PREPROCESSOR_DEFINITIONS = (
					"DEBUG=1",
					"$(inherited)",
				);
				GCC_WARN_64_TO_32_BIT_CONVERSION = YES;
				GCC_WARN_ABOUT_RETURN_TYPE = YES_ERROR;
				GCC_WARN_UNDECLARED_SELECTOR = YES;
				GCC_WARN_UNINITIALIZED_AUTOS = YES_AGGRESSIVE;
				GCC_WARN_UNUSED_FUNCTION = YES;
				GCC_WARN_UNUSED_VARIABLE = YES;
				IPHONEOS_DEPLOYMENT_TARGET = 10.2;
				MTL_ENABLE_DEBUG_INFO = YES;
				ONLY_ACTIVE_ARCH = YES;
				SDKROOT = iphoneos;
				SWIFT_ACTIVE_COMPILATION_CONDITIONS = DEBUG;
				SWIFT_OPTIMIZATION_LEVEL = "-Onone";
				TARGETED_DEVICE_FAMILY = "1,2";
			};
			name = Debug;
		};
		5ADC81931E201C4B00B71DE6 /* Release */ = {
			isa = XCBuildConfiguration;
			buildSettings = {
				ALWAYS_SEARCH_USER_PATHS = NO;
				CLANG_ANALYZER_NONNULL = YES;
				CLANG_CXX_LANGUAGE_STANDARD = "gnu++0x";
				CLANG_CXX_LIBRARY = "libc++";
				CLANG_ENABLE_MODULES = YES;
				CLANG_ENABLE_OBJC_ARC = YES;
				CLANG_WARN_BOOL_CONVERSION = YES;
				CLANG_WARN_CONSTANT_CONVERSION = YES;
				CLANG_WARN_DIRECT_OBJC_ISA_USAGE = YES_ERROR;
				CLANG_WARN_DOCUMENTATION_COMMENTS = YES;
				CLANG_WARN_EMPTY_BODY = YES;
				CLANG_WARN_ENUM_CONVERSION = YES;
				CLANG_WARN_INFINITE_RECURSION = YES;
				CLANG_WARN_INT_CONVERSION = YES;
				CLANG_WARN_OBJC_ROOT_CLASS = YES_ERROR;
				CLANG_WARN_SUSPICIOUS_MOVE = YES;
				CLANG_WARN_UNREACHABLE_CODE = YES;
				CLANG_WARN__DUPLICATE_METHOD_MATCH = YES;
				"CODE_SIGN_IDENTITY[sdk=iphoneos*]" = "iPhone Developer";
				COPY_PHASE_STRIP = NO;
				DEBUG_INFORMATION_FORMAT = "dwarf-with-dsym";
				ENABLE_NS_ASSERTIONS = NO;
				ENABLE_STRICT_OBJC_MSGSEND = YES;
				GCC_C_LANGUAGE_STANDARD = gnu99;
				GCC_NO_COMMON_BLOCKS = YES;
				GCC_WARN_64_TO_32_BIT_CONVERSION = YES;
				GCC_WARN_ABOUT_RETURN_TYPE = YES_ERROR;
				GCC_WARN_UNDECLARED_SELECTOR = YES;
				GCC_WARN_UNINITIALIZED_AUTOS = YES_AGGRESSIVE;
				GCC_WARN_UNUSED_FUNCTION = YES;
				GCC_WARN_UNUSED_VARIABLE = YES;
				IPHONEOS_DEPLOYMENT_TARGET = 10.2;
				MTL_ENABLE_DEBUG_INFO = NO;
				SDKROOT = iphoneos;
				SWIFT_OPTIMIZATION_LEVEL = "-Owholemodule";
				TARGETED_DEVICE_FAMILY = "1,2";
				VALIDATE_PRODUCT = YES;
			};
			name = Release;
		};
		5ADC81951E201C4B00B71DE6 /* Debug */ = {
			isa = XCBuildConfiguration;
			buildSettings = {
				ASSETCATALOG_COMPILER_APPICON_NAME = AppIcon;
				INFOPLIST_FILE = "party-rock/Info.plist";
				LD_RUNPATH_SEARCH_PATHS = "$(inherited) @executable_path/Frameworks";
				PRODUCT_BUNDLE_IDENTIFIER = "ftl.party-rock";
				PRODUCT_NAME = "$(TARGET_NAME)";
				SWIFT_VERSION = 3.0;
			};
			name = Debug;
		};
		5ADC81961E201C4B00B71DE6 /* Release */ = {
			isa = XCBuildConfiguration;
			buildSettings = {
				ASSETCATALOG_COMPILER_APPICON_NAME = AppIcon;
				INFOPLIST_FILE = "party-rock/Info.plist";
				LD_RUNPATH_SEARCH_PATHS = "$(inherited) @executable_path/Frameworks";
				PRODUCT_BUNDLE_IDENTIFIER = "ftl.party-rock";
				PRODUCT_NAME = "$(TARGET_NAME)";
				SWIFT_VERSION = 3.0;
			};
			name = Release;
		};
		5ADC81981E201C4B00B71DE6 /* Debug */ = {
			isa = XCBuildConfiguration;
			buildSettings = {
				ALWAYS_EMBED_SWIFT_STANDARD_LIBRARIES = YES;
				BUNDLE_LOADER = "$(TEST_HOST)";
				INFOPLIST_FILE = "party-rockTests/Info.plist";
				LD_RUNPATH_SEARCH_PATHS = "$(inherited) @executable_path/Frameworks @loader_path/Frameworks";
				PRODUCT_BUNDLE_IDENTIFIER = "ftl.party-rockTests";
				PRODUCT_NAME = "$(TARGET_NAME)";
				SWIFT_VERSION = 3.0;
				TEST_HOST = "$(BUILT_PRODUCTS_DIR)/party-rock.app/party-rock";
			};
			name = Debug;
		};
		5ADC81991E201C4B00B71DE6 /* Release */ = {
			isa = XCBuildConfiguration;
			buildSettings = {
				ALWAYS_EMBED_SWIFT_STANDARD_LIBRARIES = YES;
				BUNDLE_LOADER = "$(TEST_HOST)";
				INFOPLIST_FILE = "party-rockTests/Info.plist";
				LD_RUNPATH_SEARCH_PATHS = "$(inherited) @executable_path/Frameworks @loader_path/Frameworks";
				PRODUCT_BUNDLE_IDENTIFIER = "ftl.party-rockTests";
				PRODUCT_NAME = "$(TARGET_NAME)";
				SWIFT_VERSION = 3.0;
				TEST_HOST = "$(BUILT_PRODUCTS_DIR)/party-rock.app/party-rock";
			};
			name = Release;
		};
		5ADC819B1E201C4B00B71DE6 /* Debug */ = {
			isa = XCBuildConfiguration;
			buildSettings = {
				ALWAYS_EMBED_SWIFT_STANDARD_LIBRARIES = YES;
				INFOPLIST_FILE = "party-rockUITests/Info.plist";
				LD_RUNPATH_SEARCH_PATHS = "$(inherited) @executable_path/Frameworks @loader_path/Frameworks";
				PRODUCT_BUNDLE_IDENTIFIER = "ftl.party-rockUITests";
				PRODUCT_NAME = "$(TARGET_NAME)";
				SWIFT_VERSION = 3.0;
				TEST_TARGET_NAME = "party-rock";
			};
			name = Debug;
		};
		5ADC819C1E201C4B00B71DE6 /* Release */ = {
			isa = XCBuildConfiguration;
			buildSettings = {
				ALWAYS_EMBED_SWIFT_STANDARD_LIBRARIES = YES;
				INFOPLIST_FILE = "party-rockUITests/Info.plist";
				LD_RUNPATH_SEARCH_PATHS = "$(inherited) @executable_path/Frameworks @loader_path/Frameworks";
				PRODUCT_BUNDLE_IDENTIFIER = "ftl.party-rockUITests";
				PRODUCT_NAME = "$(TARGET_NAME)";
				SWIFT_VERSION = 3.0;
				TEST_TARGET_NAME = "party-rock";
			};
			name = Release;
		};
/* End XCBuildConfiguration section */

/* Begin XCConfigurationList section */
		5ADC81671E201C4B00B71DE6 /* Build configuration list for PBXProject "party-rock" */ = {
			isa = XCConfigurationList;
			buildConfigurations = (
				5ADC81921E201C4B00B71DE6 /* Debug */,
				5ADC81931E201C4B00B71DE6 /* Release */,
			);
			defaultConfigurationIsVisible = 0;
			defaultConfigurationName = Release;
		};
		5ADC81941E201C4B00B71DE6 /* Build configuration list for PBXNativeTarget "party-rock" */ = {
			isa = XCConfigurationList;
			buildConfigurations = (
				5ADC81951E201C4B00B71DE6 /* Debug */,
				5ADC81961E201C4B00B71DE6 /* Release */,
			);
			defaultConfigurationIsVisible = 0;
			defaultConfigurationName = Release;
		};
		5ADC81971E201C4B00B71DE6 /* Build configuration list for PBXNativeTarget "party-rockTests" */ = {
			isa = XCConfigurationList;
			buildConfigurations = (
				5ADC81981E201C4B00B71DE6 /* Debug */,
				5ADC81991E201C4B00B71DE6 /* Release */,
			);
			defaultConfigurationIsVisible = 0;
			defaultConfigurationName = Release;
		};
		5ADC819A1E201C4B00B71DE6 /* Build configuration list for PBXNativeTarget "party-rockUITests" */ = {
			isa = XCConfigurationList;
			buildConfigurations = (
				5ADC819B1E201C4B00B71DE6 /* Debug */,
				5ADC819C1E201C4B00B71DE6 /* Release */,
			);
			defaultConfigurationIsVisible = 0;
			defaultConfigurationName = Release;
		};
/* End XCConfigurationList section */
	};
	rootObject = 5ADC81641E201C4B00B71DE6 /* Project object */;
}
