// !$*UTF8*$!
{
	archiveVersion = 1;
	classes = {
	};
	objectVersion = 46;
	objects = {

/* Begin PBXBuildFile section */
		5ADC81361E200FC400B71DE6 /* AppDelegate.swift in Sources */ = {isa = PBXBuildFile; fileRef = 5ADC81351E200FC400B71DE6 /* AppDelegate.swift */; };
		5ADC81381E200FC400B71DE6 /* ViewController.swift in Sources */ = {isa = PBXBuildFile; fileRef = 5ADC81371E200FC400B71DE6 /* ViewController.swift */; };
		5ADC813B1E200FC400B71DE6 /* Main.storyboard in Resources */ = {isa = PBXBuildFile; fileRef = 5ADC81391E200FC400B71DE6 /* Main.storyboard */; };
		5ADC813D1E200FC400B71DE6 /* Assets.xcassets in Resources */ = {isa = PBXBuildFile; fileRef = 5ADC813C1E200FC400B71DE6 /* Assets.xcassets */; };
		5ADC81401E200FC400B71DE6 /* LaunchScreen.storyboard in Resources */ = {isa = PBXBuildFile; fileRef = 5ADC813E1E200FC400B71DE6 /* LaunchScreen.storyboard */; };
		5ADC814B1E200FC400B71DE6 /* size_me_upTests.swift in Sources */ = {isa = PBXBuildFile; fileRef = 5ADC814A1E200FC400B71DE6 /* size_me_upTests.swift */; };
		5ADC81561E200FC400B71DE6 /* size_me_upUITests.swift in Sources */ = {isa = PBXBuildFile; fileRef = 5ADC81551E200FC400B71DE6 /* size_me_upUITests.swift */; };
/* End PBXBuildFile section */

/* Begin PBXContainerItemProxy section */
		5ADC81471E200FC400B71DE6 /* PBXContainerItemProxy */ = {
			isa = PBXContainerItemProxy;
			containerPortal = 5ADC812A1E200FC400B71DE6 /* Project object */;
			proxyType = 1;
			remoteGlobalIDString = 5ADC81311E200FC400B71DE6;
			remoteInfo = "size-me-up";
		};
		5ADC81521E200FC400B71DE6 /* PBXContainerItemProxy */ = {
			isa = PBXContainerItemProxy;
			containerPortal = 5ADC812A1E200FC400B71DE6 /* Project object */;
			proxyType = 1;
			remoteGlobalIDString = 5ADC81311E200FC400B71DE6;
			remoteInfo = "size-me-up";
		};
/* End PBXContainerItemProxy section */

/* Begin PBXFileReference section */
		5ADC81321E200FC400B71DE6 /* size-me-up.app */ = {isa = PBXFileReference; explicitFileType = wrapper.application; includeInIndex = 0; path = "size-me-up.app"; sourceTree = BUILT_PRODUCTS_DIR; };
		5ADC81351E200FC400B71DE6 /* AppDelegate.swift */ = {isa = PBXFileReference; lastKnownFileType = sourcecode.swift; path = AppDelegate.swift; sourceTree = "<group>"; };
		5ADC81371E200FC400B71DE6 /* ViewController.swift */ = {isa = PBXFileReference; lastKnownFileType = sourcecode.swift; path = ViewController.swift; sourceTree = "<group>"; };
		5ADC813A1E200FC400B71DE6 /* Base */ = {isa = PBXFileReference; lastKnownFileType = file.storyboard; name = Base; path = Base.lproj/Main.storyboard; sourceTree = "<group>"; };
		5ADC813C1E200FC400B71DE6 /* Assets.xcassets */ = {isa = PBXFileReference; lastKnownFileType = folder.assetcatalog; path = Assets.xcassets; sourceTree = "<group>"; };
		5ADC813F1E200FC400B71DE6 /* Base */ = {isa = PBXFileReference; lastKnownFileType = file.storyboard; name = Base; path = Base.lproj/LaunchScreen.storyboard; sourceTree = "<group>"; };
		5ADC81411E200FC400B71DE6 /* Info.plist */ = {isa = PBXFileReference; lastKnownFileType = text.plist.xml; path = Info.plist; sourceTree = "<group>"; };
		5ADC81461E200FC400B71DE6 /* size-me-upTests.xctest */ = {isa = PBXFileReference; explicitFileType = wrapper.cfbundle; includeInIndex = 0; path = "size-me-upTests.xctest"; sourceTree = BUILT_PRODUCTS_DIR; };
		5ADC814A1E200FC400B71DE6 /* size_me_upTests.swift */ = {isa = PBXFileReference; lastKnownFileType = sourcecode.swift; path = size_me_upTests.swift; sourceTree = "<group>"; };
		5ADC814C1E200FC400B71DE6 /* Info.plist */ = {isa = PBXFileReference; lastKnownFileType = text.plist.xml; path = Info.plist; sourceTree = "<group>"; };
		5ADC81511E200FC400B71DE6 /* size-me-upUITests.xctest */ = {isa = PBXFileReference; explicitFileType = wrapper.cfbundle; includeInIndex = 0; path = "size-me-upUITests.xctest"; sourceTree = BUILT_PRODUCTS_DIR; };
		5ADC81551E200FC400B71DE6 /* size_me_upUITests.swift */ = {isa = PBXFileReference; lastKnownFileType = sourcecode.swift; path = size_me_upUITests.swift; sourceTree = "<group>"; };
		5ADC81571E200FC400B71DE6 /* Info.plist */ = {isa = PBXFileReference; lastKnownFileType = text.plist.xml; path = Info.plist; sourceTree = "<group>"; };
/* End PBXFileReference section */

/* Begin PBXFrameworksBuildPhase section */
		5ADC812F1E200FC400B71DE6 /* Frameworks */ = {
			isa = PBXFrameworksBuildPhase;
			buildActionMask = 2147483647;
			files = (
			);
			runOnlyForDeploymentPostprocessing = 0;
		};
		5ADC81431E200FC400B71DE6 /* Frameworks */ = {
			isa = PBXFrameworksBuildPhase;
			buildActionMask = 2147483647;
			files = (
			);
			runOnlyForDeploymentPostprocessing = 0;
		};
		5ADC814E1E200FC400B71DE6 /* Frameworks */ = {
			isa = PBXFrameworksBuildPhase;
			buildActionMask = 2147483647;
			files = (
			);
			runOnlyForDeploymentPostprocessing = 0;
		};
/* End PBXFrameworksBuildPhase section */

/* Begin PBXGroup section */
		5ADC81291E200FC400B71DE6 = {
			isa = PBXGroup;
			children = (
				5ADC81341E200FC400B71DE6 /* size-me-up */,
				5ADC81491E200FC400B71DE6 /* size-me-upTests */,
				5ADC81541E200FC400B71DE6 /* size-me-upUITests */,
				5ADC81331E200FC400B71DE6 /* Products */,
			);
			sourceTree = "<group>";
		};
		5ADC81331E200FC400B71DE6 /* Products */ = {
			isa = PBXGroup;
			children = (
				5ADC81321E200FC400B71DE6 /* size-me-up.app */,
				5ADC81461E200FC400B71DE6 /* size-me-upTests.xctest */,
				5ADC81511E200FC400B71DE6 /* size-me-upUITests.xctest */,
			);
			name = Products;
			sourceTree = "<group>";
		};
		5ADC81341E200FC400B71DE6 /* size-me-up */ = {
			isa = PBXGroup;
			children = (
				5ADC81351E200FC400B71DE6 /* AppDelegate.swift */,
				5ADC81371E200FC400B71DE6 /* ViewController.swift */,
				5ADC81391E200FC400B71DE6 /* Main.storyboard */,
				5ADC813C1E200FC400B71DE6 /* Assets.xcassets */,
				5ADC813E1E200FC400B71DE6 /* LaunchScreen.storyboard */,
				5ADC81411E200FC400B71DE6 /* Info.plist */,
			);
			path = "size-me-up";
			sourceTree = "<group>";
		};
		5ADC81491E200FC400B71DE6 /* size-me-upTests */ = {
			isa = PBXGroup;
			children = (
				5ADC814A1E200FC400B71DE6 /* size_me_upTests.swift */,
				5ADC814C1E200FC400B71DE6 /* Info.plist */,
			);
			path = "size-me-upTests";
			sourceTree = "<group>";
		};
		5ADC81541E200FC400B71DE6 /* size-me-upUITests */ = {
			isa = PBXGroup;
			children = (
				5ADC81551E200FC400B71DE6 /* size_me_upUITests.swift */,
				5ADC81571E200FC400B71DE6 /* Info.plist */,
			);
			path = "size-me-upUITests";
			sourceTree = "<group>";
		};
/* End PBXGroup section */

/* Begin PBXNativeTarget section */
		5ADC81311E200FC400B71DE6 /* size-me-up */ = {
			isa = PBXNativeTarget;
			buildConfigurationList = 5ADC815A1E200FC400B71DE6 /* Build configuration list for PBXNativeTarget "size-me-up" */;
			buildPhases = (
				5ADC812E1E200FC400B71DE6 /* Sources */,
				5ADC812F1E200FC400B71DE6 /* Frameworks */,
				5ADC81301E200FC400B71DE6 /* Resources */,
			);
			buildRules = (
			);
			dependencies = (
			);
			name = "size-me-up";
			productName = "size-me-up";
			productReference = 5ADC81321E200FC400B71DE6 /* size-me-up.app */;
			productType = "com.apple.product-type.application";
		};
		5ADC81451E200FC400B71DE6 /* size-me-upTests */ = {
			isa = PBXNativeTarget;
			buildConfigurationList = 5ADC815D1E200FC400B71DE6 /* Build configuration list for PBXNativeTarget "size-me-upTests" */;
			buildPhases = (
				5ADC81421E200FC400B71DE6 /* Sources */,
				5ADC81431E200FC400B71DE6 /* Frameworks */,
				5ADC81441E200FC400B71DE6 /* Resources */,
			);
			buildRules = (
			);
			dependencies = (
				5ADC81481E200FC400B71DE6 /* PBXTargetDependency */,
			);
			name = "size-me-upTests";
			productName = "size-me-upTests";
			productReference = 5ADC81461E200FC400B71DE6 /* size-me-upTests.xctest */;
			productType = "com.apple.product-type.bundle.unit-test";
		};
		5ADC81501E200FC400B71DE6 /* size-me-upUITests */ = {
			isa = PBXNativeTarget;
			buildConfigurationList = 5ADC81601E200FC400B71DE6 /* Build configuration list for PBXNativeTarget "size-me-upUITests" */;
			buildPhases = (
				5ADC814D1E200FC400B71DE6 /* Sources */,
				5ADC814E1E200FC400B71DE6 /* Frameworks */,
				5ADC814F1E200FC400B71DE6 /* Resources */,
			);
			buildRules = (
			);
			dependencies = (
				5ADC81531E200FC400B71DE6 /* PBXTargetDependency */,
			);
			name = "size-me-upUITests";
			productName = "size-me-upUITests";
			productReference = 5ADC81511E200FC400B71DE6 /* size-me-upUITests.xctest */;
			productType = "com.apple.product-type.bundle.ui-testing";
		};
/* End PBXNativeTarget section */

/* Begin PBXProject section */
		5ADC812A1E200FC400B71DE6 /* Project object */ = {
			isa = PBXProject;
			attributes = {
				LastSwiftUpdateCheck = 0820;
				LastUpgradeCheck = 0820;
				ORGANIZATIONNAME = "Yuen Hsi Chang";
				TargetAttributes = {
					5ADC81311E200FC400B71DE6 = {
						CreatedOnToolsVersion = 8.2.1;
						ProvisioningStyle = Automatic;
					};
					5ADC81451E200FC400B71DE6 = {
						CreatedOnToolsVersion = 8.2.1;
						ProvisioningStyle = Automatic;
						TestTargetID = 5ADC81311E200FC400B71DE6;
					};
					5ADC81501E200FC400B71DE6 = {
						CreatedOnToolsVersion = 8.2.1;
						ProvisioningStyle = Automatic;
						TestTargetID = 5ADC81311E200FC400B71DE6;
					};
				};
			};
			buildConfigurationList = 5ADC812D1E200FC400B71DE6 /* Build configuration list for PBXProject "size-me-up" */;
			compatibilityVersion = "Xcode 3.2";
			developmentRegion = English;
			hasScannedForEncodings = 0;
			knownRegions = (
				en,
				Base,
			);
			mainGroup = 5ADC81291E200FC400B71DE6;
			productRefGroup = 5ADC81331E200FC400B71DE6 /* Products */;
			projectDirPath = "";
			projectRoot = "";
			targets = (
				5ADC81311E200FC400B71DE6 /* size-me-up */,
				5ADC81451E200FC400B71DE6 /* size-me-upTests */,
				5ADC81501E200FC400B71DE6 /* size-me-upUITests */,
			);
		};
/* End PBXProject section */

/* Begin PBXResourcesBuildPhase section */
		5ADC81301E200FC400B71DE6 /* Resources */ = {
			isa = PBXResourcesBuildPhase;
			buildActionMask = 2147483647;
			files = (
				5ADC81401E200FC400B71DE6 /* LaunchScreen.storyboard in Resources */,
				5ADC813D1E200FC400B71DE6 /* Assets.xcassets in Resources */,
				5ADC813B1E200FC400B71DE6 /* Main.storyboard in Resources */,
			);
			runOnlyForDeploymentPostprocessing = 0;
		};
		5ADC81441E200FC400B71DE6 /* Resources */ = {
			isa = PBXResourcesBuildPhase;
			buildActionMask = 2147483647;
			files = (
			);
			runOnlyForDeploymentPostprocessing = 0;
		};
		5ADC814F1E200FC400B71DE6 /* Resources */ = {
			isa = PBXResourcesBuildPhase;
			buildActionMask = 2147483647;
			files = (
			);
			runOnlyForDeploymentPostprocessing = 0;
		};
/* End PBXResourcesBuildPhase section */

/* Begin PBXSourcesBuildPhase section */
		5ADC812E1E200FC400B71DE6 /* Sources */ = {
			isa = PBXSourcesBuildPhase;
			buildActionMask = 2147483647;
			files = (
				5ADC81381E200FC400B71DE6 /* ViewController.swift in Sources */,
				5ADC81361E200FC400B71DE6 /* AppDelegate.swift in Sources */,
			);
			runOnlyForDeploymentPostprocessing = 0;
		};
		5ADC81421E200FC400B71DE6 /* Sources */ = {
			isa = PBXSourcesBuildPhase;
			buildActionMask = 2147483647;
			files = (
				5ADC814B1E200FC400B71DE6 /* size_me_upTests.swift in Sources */,
			);
			runOnlyForDeploymentPostprocessing = 0;
		};
		5ADC814D1E200FC400B71DE6 /* Sources */ = {
			isa = PBXSourcesBuildPhase;
			buildActionMask = 2147483647;
			files = (
				5ADC81561E200FC400B71DE6 /* size_me_upUITests.swift in Sources */,
			);
			runOnlyForDeploymentPostprocessing = 0;
		};
/* End PBXSourcesBuildPhase section */

/* Begin PBXTargetDependency section */
		5ADC81481E200FC400B71DE6 /* PBXTargetDependency */ = {
			isa = PBXTargetDependency;
			target = 5ADC81311E200FC400B71DE6 /* size-me-up */;
			targetProxy = 5ADC81471E200FC400B71DE6 /* PBXContainerItemProxy */;
		};
		5ADC81531E200FC400B71DE6 /* PBXTargetDependency */ = {
			isa = PBXTargetDependency;
			target = 5ADC81311E200FC400B71DE6 /* size-me-up */;
			targetProxy = 5ADC81521E200FC400B71DE6 /* PBXContainerItemProxy */;
		};
/* End PBXTargetDependency section */

/* Begin PBXVariantGroup section */
		5ADC81391E200FC400B71DE6 /* Main.storyboard */ = {
			isa = PBXVariantGroup;
			children = (
				5ADC813A1E200FC400B71DE6 /* Base */,
			);
			name = Main.storyboard;
			sourceTree = "<group>";
		};
		5ADC813E1E200FC400B71DE6 /* LaunchScreen.storyboard */ = {
			isa = PBXVariantGroup;
			children = (
				5ADC813F1E200FC400B71DE6 /* Base */,
			);
			name = LaunchScreen.storyboard;
			sourceTree = "<group>";
		};
/* End PBXVariantGroup section */

/* Begin XCBuildConfiguration section */
		5ADC81581E200FC400B71DE6 /* Debug */ = {
			isa = XCBuildConfiguration;
			buildSettings = {
				ALWAYS_SEARCH_USER_PATHS = NO;
				CLANG_ANALYZER_NONNULL = YES;
				CLANG_CXX_LANGUAGE_STANDARD = "gnu++0x";
				CLANG_CXX_LIBRARY = "libc++";
				CLANG_ENABLE_MODULES = YES;
				CLANG_ENABLE_OBJC_ARC = YES;
				CLANG_WARN_BOOL_CONVERSION = YES;
				CLANG_WARN_CONSTANT_CONVERSION = YES;
				CLANG_WARN_DIRECT_OBJC_ISA_USAGE = YES_ERROR;
				CLANG_WARN_DOCUMENTATION_COMMENTS = YES;
				CLANG_WARN_EMPTY_BODY = YES;
				CLANG_WARN_ENUM_CONVERSION = YES;
				CLANG_WARN_INFINITE_RECURSION = YES;
				CLANG_WARN_INT_CONVERSION = YES;
				CLANG_WARN_OBJC_ROOT_CLASS = YES_ERROR;
				CLANG_WARN_SUSPICIOUS_MOVE = YES;
				CLANG_WARN_UNREACHABLE_CODE = YES;
				CLANG_WARN__DUPLICATE_METHOD_MATCH = YES;
				"CODE_SIGN_IDENTITY[sdk=iphoneos*]" = "iPhone Developer";
				COPY_PHASE_STRIP = NO;
				DEBUG_INFORMATION_FORMAT = dwarf;
				ENABLE_STRICT_OBJC_MSGSEND = YES;
				ENABLE_TESTABILITY = YES;
				GCC_C_LANGUAGE_STANDARD = gnu99;
				GCC_DYNAMIC_NO_PIC = NO;
				GCC_NO_COMMON_BLOCKS = YES;
				GCC_OPTIMIZATION_LEVEL = 0;
				GCC_PREPROCESSOR_DEFINITIONS = (
					"DEBUG=1",
					"$(inherited)",
				);
				GCC_WARN_64_TO_32_BIT_CONVERSION = YES;
				GCC_WARN_ABOUT_RETURN_TYPE = YES_ERROR;
				GCC_WARN_UNDECLARED_SELECTOR = YES;
				GCC_WARN_UNINITIALIZED_AUTOS = YES_AGGRESSIVE;
				GCC_WARN_UNUSED_FUNCTION = YES;
				GCC_WARN_UNUSED_VARIABLE = YES;
				IPHONEOS_DEPLOYMENT_TARGET = 10.2;
				MTL_ENABLE_DEBUG_INFO = YES;
				ONLY_ACTIVE_ARCH = YES;
				SDKROOT = iphoneos;
				SWIFT_ACTIVE_COMPILATION_CONDITIONS = DEBUG;
				SWIFT_OPTIMIZATION_LEVEL = "-Onone";
				TARGETED_DEVICE_FAMILY = "1,2";
			};
			name = Debug;
		};
		5ADC81591E200FC400B71DE6 /* Release */ = {
			isa = XCBuildConfiguration;
			buildSettings = {
				ALWAYS_SEARCH_USER_PATHS = NO;
				CLANG_ANALYZER_NONNULL = YES;
				CLANG_CXX_LANGUAGE_STANDARD = "gnu++0x";
				CLANG_CXX_LIBRARY = "libc++";
				CLANG_ENABLE_MODULES = YES;
				CLANG_ENABLE_OBJC_ARC = YES;
				CLANG_WARN_BOOL_CONVERSION = YES;
				CLANG_WARN_CONSTANT_CONVERSION = YES;
				CLANG_WARN_DIRECT_OBJC_ISA_USAGE = YES_ERROR;
				CLANG_WARN_DOCUMENTATION_COMMENTS = YES;
				CLANG_WARN_EMPTY_BODY = YES;
				CLANG_WARN_ENUM_CONVERSION = YES;
				CLANG_WARN_INFINITE_RECURSION = YES;
				CLANG_WARN_INT_CONVERSION = YES;
				CLANG_WARN_OBJC_ROOT_CLASS = YES_ERROR;
				CLANG_WARN_SUSPICIOUS_MOVE = YES;
				CLANG_WARN_UNREACHABLE_CODE = YES;
				CLANG_WARN__DUPLICATE_METHOD_MATCH = YES;
				"CODE_SIGN_IDENTITY[sdk=iphoneos*]" = "iPhone Developer";
				COPY_PHASE_STRIP = NO;
				DEBUG_INFORMATION_FORMAT = "dwarf-with-dsym";
				ENABLE_NS_ASSERTIONS = NO;
				ENABLE_STRICT_OBJC_MSGSEND = YES;
				GCC_C_LANGUAGE_STANDARD = gnu99;
				GCC_NO_COMMON_BLOCKS = YES;
				GCC_WARN_64_TO_32_BIT_CONVERSION = YES;
				GCC_WARN_ABOUT_RETURN_TYPE = YES_ERROR;
				GCC_WARN_UNDECLARED_SELECTOR = YES;
				GCC_WARN_UNINITIALIZED_AUTOS = YES_AGGRESSIVE;
				GCC_WARN_UNUSED_FUNCTION = YES;
				GCC_WARN_UNUSED_VARIABLE = YES;
				IPHONEOS_DEPLOYMENT_TARGET = 10.2;
				MTL_ENABLE_DEBUG_INFO = NO;
				SDKROOT = iphoneos;
				SWIFT_OPTIMIZATION_LEVEL = "-Owholemodule";
				TARGETED_DEVICE_FAMILY = "1,2";
				VALIDATE_PRODUCT = YES;
			};
			name = Release;
		};
		5ADC815B1E200FC400B71DE6 /* Debug */ = {
			isa = XCBuildConfiguration;
			buildSettings = {
				ASSETCATALOG_COMPILER_APPICON_NAME = AppIcon;
				INFOPLIST_FILE = "size-me-up/Info.plist";
				LD_RUNPATH_SEARCH_PATHS = "$(inherited) @executable_path/Frameworks";
				PRODUCT_BUNDLE_IDENTIFIER = "ftl.size-me-up";
				PRODUCT_NAME = "$(TARGET_NAME)";
				SWIFT_VERSION = 3.0;
			};
			name = Debug;
		};
		5ADC815C1E200FC400B71DE6 /* Release */ = {
			isa = XCBuildConfiguration;
			buildSettings = {
				ASSETCATALOG_COMPILER_APPICON_NAME = AppIcon;
				INFOPLIST_FILE = "size-me-up/Info.plist";
				LD_RUNPATH_SEARCH_PATHS = "$(inherited) @executable_path/Frameworks";
				PRODUCT_BUNDLE_IDENTIFIER = "ftl.size-me-up";
				PRODUCT_NAME = "$(TARGET_NAME)";
				SWIFT_VERSION = 3.0;
			};
			name = Release;
		};
		5ADC815E1E200FC400B71DE6 /* Debug */ = {
			isa = XCBuildConfiguration;
			buildSettings = {
				ALWAYS_EMBED_SWIFT_STANDARD_LIBRARIES = YES;
				BUNDLE_LOADER = "$(TEST_HOST)";
				INFOPLIST_FILE = "size-me-upTests/Info.plist";
				LD_RUNPATH_SEARCH_PATHS = "$(inherited) @executable_path/Frameworks @loader_path/Frameworks";
				PRODUCT_BUNDLE_IDENTIFIER = "ftl.size-me-upTests";
				PRODUCT_NAME = "$(TARGET_NAME)";
				SWIFT_VERSION = 3.0;
				TEST_HOST = "$(BUILT_PRODUCTS_DIR)/size-me-up.app/size-me-up";
			};
			name = Debug;
		};
		5ADC815F1E200FC400B71DE6 /* Release */ = {
			isa = XCBuildConfiguration;
			buildSettings = {
				ALWAYS_EMBED_SWIFT_STANDARD_LIBRARIES = YES;
				BUNDLE_LOADER = "$(TEST_HOST)";
				INFOPLIST_FILE = "size-me-upTests/Info.plist";
				LD_RUNPATH_SEARCH_PATHS = "$(inherited) @executable_path/Frameworks @loader_path/Frameworks";
				PRODUCT_BUNDLE_IDENTIFIER = "ftl.size-me-upTests";
				PRODUCT_NAME = "$(TARGET_NAME)";
				SWIFT_VERSION = 3.0;
				TEST_HOST = "$(BUILT_PRODUCTS_DIR)/size-me-up.app/size-me-up";
			};
			name = Release;
		};
		5ADC81611E200FC400B71DE6 /* Debug */ = {
			isa = XCBuildConfiguration;
			buildSettings = {
				ALWAYS_EMBED_SWIFT_STANDARD_LIBRARIES = YES;
				INFOPLIST_FILE = "size-me-upUITests/Info.plist";
				LD_RUNPATH_SEARCH_PATHS = "$(inherited) @executable_path/Frameworks @loader_path/Frameworks";
				PRODUCT_BUNDLE_IDENTIFIER = "ftl.size-me-upUITests";
				PRODUCT_NAME = "$(TARGET_NAME)";
				SWIFT_VERSION = 3.0;
				TEST_TARGET_NAME = "size-me-up";
			};
			name = Debug;
		};
		5ADC81621E200FC400B71DE6 /* Release */ = {
			isa = XCBuildConfiguration;
			buildSettings = {
				ALWAYS_EMBED_SWIFT_STANDARD_LIBRARIES = YES;
				INFOPLIST_FILE = "size-me-upUITests/Info.plist";
				LD_RUNPATH_SEARCH_PATHS = "$(inherited) @executable_path/Frameworks @loader_path/Frameworks";
				PRODUCT_BUNDLE_IDENTIFIER = "ftl.size-me-upUITests";
				PRODUCT_NAME = "$(TARGET_NAME)";
				SWIFT_VERSION = 3.0;
				TEST_TARGET_NAME = "size-me-up";
			};
			name = Release;
		};
/* End XCBuildConfiguration section */

/* Begin XCConfigurationList section */
		5ADC812D1E200FC400B71DE6 /* Build configuration list for PBXProject "size-me-up" */ = {
			isa = XCConfigurationList;
			buildConfigurations = (
				5ADC81581E200FC400B71DE6 /* Debug */,
				5ADC81591E200FC400B71DE6 /* Release */,
			);
			defaultConfigurationIsVisible = 0;
			defaultConfigurationName = Release;
		};
		5ADC815A1E200FC400B71DE6 /* Build configuration list for PBXNativeTarget "size-me-up" */ = {
			isa = XCConfigurationList;
			buildConfigurations = (
				5ADC815B1E200FC400B71DE6 /* Debug */,
				5ADC815C1E200FC400B71DE6 /* Release */,
			);
			defaultConfigurationIsVisible = 0;
		};
		5ADC815D1E200FC400B71DE6 /* Build configuration list for PBXNativeTarget "size-me-upTests" */ = {
			isa = XCConfigurationList;
			buildConfigurations = (
				5ADC815E1E200FC400B71DE6 /* Debug */,
				5ADC815F1E200FC400B71DE6 /* Release */,
			);
			defaultConfigurationIsVisible = 0;
		};
		5ADC81601E200FC400B71DE6 /* Build configuration list for PBXNativeTarget "size-me-upUITests" */ = {
			isa = XCConfigurationList;
			buildConfigurations = (
				5ADC81611E200FC400B71DE6 /* Debug */,
				5ADC81621E200FC400B71DE6 /* Release */,
			);
			defaultConfigurationIsVisible = 0;
		};
/* End XCConfigurationList section */
	};
	rootObject = 5ADC812A1E200FC400B71DE6 /* Project object */;
}
