// !$*UTF8*$!
{
	archiveVersion = 1;
	classes = {
	};
	objectVersion = 46;
	objects = {

/* Begin PBXBuildFile section */
		5A81088A1E2218B2008AD958 /* Constants.swift in Sources */ = {isa = PBXBuildFile; fileRef = 5A8108891E2218B2008AD958 /* Constants.swift */; };
		5A81088C1E221979008AD958 /* CurrentWeather.swift in Sources */ = {isa = PBXBuildFile; fileRef = 5A81088B1E221979008AD958 /* CurrentWeather.swift */; };
		5A81088E1E231349008AD958 /* Forecast.swift in Sources */ = {isa = PBXBuildFile; fileRef = 5A81088D1E231349008AD958 /* Forecast.swift */; };
		5A8108941E231E08008AD958 /* WeatherCell.swift in Sources */ = {isa = PBXBuildFile; fileRef = 5A8108931E231E08008AD958 /* WeatherCell.swift */; };
		5A8108961E241873008AD958 /* Location.swift in Sources */ = {isa = PBXBuildFile; fileRef = 5A8108951E241873008AD958 /* Location.swift */; };
		5AFA95431E21F3D700FCDE36 /* AppDelegate.swift in Sources */ = {isa = PBXBuildFile; fileRef = 5AFA95421E21F3D700FCDE36 /* AppDelegate.swift */; };
		5AFA95451E21F3D700FCDE36 /* WeatherVC.swift in Sources */ = {isa = PBXBuildFile; fileRef = 5AFA95441E21F3D700FCDE36 /* WeatherVC.swift */; };
		5AFA95481E21F3D700FCDE36 /* Main.storyboard in Resources */ = {isa = PBXBuildFile; fileRef = 5AFA95461E21F3D700FCDE36 /* Main.storyboard */; };
		5AFA954B1E21F3D700FCDE36 /* weather_cast.xcdatamodeld in Sources */ = {isa = PBXBuildFile; fileRef = 5AFA95491E21F3D700FCDE36 /* weather_cast.xcdatamodeld */; };
		5AFA954D1E21F3D700FCDE36 /* Assets.xcassets in Resources */ = {isa = PBXBuildFile; fileRef = 5AFA954C1E21F3D700FCDE36 /* Assets.xcassets */; };
		5AFA95501E21F3D700FCDE36 /* LaunchScreen.storyboard in Resources */ = {isa = PBXBuildFile; fileRef = 5AFA954E1E21F3D700FCDE36 /* LaunchScreen.storyboard */; };
		CC992B6AFFB3E2DE06B8FBD5 /* Pods_weather_cast.framework in Frameworks */ = {isa = PBXBuildFile; fileRef = C2E892BCABF3C2D0F3C91299 /* Pods_weather_cast.framework */; };
/* End PBXBuildFile section */

/* Begin PBXFileReference section */
		5A8108891E2218B2008AD958 /* Constants.swift */ = {isa = PBXFileReference; fileEncoding = 4; lastKnownFileType = sourcecode.swift; path = Constants.swift; sourceTree = "<group>"; };
		5A81088B1E221979008AD958 /* CurrentWeather.swift */ = {isa = PBXFileReference; fileEncoding = 4; lastKnownFileType = sourcecode.swift; path = CurrentWeather.swift; sourceTree = "<group>"; };
		5A81088D1E231349008AD958 /* Forecast.swift */ = {isa = PBXFileReference; fileEncoding = 4; lastKnownFileType = sourcecode.swift; path = Forecast.swift; sourceTree = "<group>"; };
		5A8108931E231E08008AD958 /* WeatherCell.swift */ = {isa = PBXFileReference; fileEncoding = 4; lastKnownFileType = sourcecode.swift; path = WeatherCell.swift; sourceTree = "<group>"; };
		5A8108951E241873008AD958 /* Location.swift */ = {isa = PBXFileReference; fileEncoding = 4; lastKnownFileType = sourcecode.swift; path = Location.swift; sourceTree = "<group>"; };
		5AFA953F1E21F3D700FCDE36 /* weather-cast.app */ = {isa = PBXFileReference; explicitFileType = wrapper.application; includeInIndex = 0; path = "weather-cast.app"; sourceTree = BUILT_PRODUCTS_DIR; };
		5AFA95421E21F3D700FCDE36 /* AppDelegate.swift */ = {isa = PBXFileReference; lastKnownFileType = sourcecode.swift; path = AppDelegate.swift; sourceTree = "<group>"; };
		5AFA95441E21F3D700FCDE36 /* WeatherVC.swift */ = {isa = PBXFileReference; lastKnownFileType = sourcecode.swift; path = WeatherVC.swift; sourceTree = "<group>"; };
		5AFA95471E21F3D700FCDE36 /* Base */ = {isa = PBXFileReference; lastKnownFileType = file.storyboard; name = Base; path = Base.lproj/Main.storyboard; sourceTree = "<group>"; };
		5AFA954A1E21F3D700FCDE36 /* weather_cast.xcdatamodel */ = {isa = PBXFileReference; lastKnownFileType = wrapper.xcdatamodel; path = weather_cast.xcdatamodel; sourceTree = "<group>"; };
		5AFA954C1E21F3D700FCDE36 /* Assets.xcassets */ = {isa = PBXFileReference; lastKnownFileType = folder.assetcatalog; path = Assets.xcassets; sourceTree = "<group>"; };
		5AFA954F1E21F3D700FCDE36 /* Base */ = {isa = PBXFileReference; lastKnownFileType = file.storyboard; name = Base; path = Base.lproj/LaunchScreen.storyboard; sourceTree = "<group>"; };
		5AFA95511E21F3D700FCDE36 /* Info.plist */ = {isa = PBXFileReference; lastKnownFileType = text.plist.xml; path = Info.plist; sourceTree = "<group>"; };
		9C2DA84964E8356810B700C6 /* Pods-weather-cast.debug.xcconfig */ = {isa = PBXFileReference; includeInIndex = 1; lastKnownFileType = text.xcconfig; name = "Pods-weather-cast.debug.xcconfig"; path = "Pods/Target Support Files/Pods-weather-cast/Pods-weather-cast.debug.xcconfig"; sourceTree = "<group>"; };
		C2E892BCABF3C2D0F3C91299 /* Pods_weather_cast.framework */ = {isa = PBXFileReference; explicitFileType = wrapper.framework; includeInIndex = 0; path = Pods_weather_cast.framework; sourceTree = BUILT_PRODUCTS_DIR; };
		DB576BACCFDC2859F0556CA2 /* Pods-weather-cast.release.xcconfig */ = {isa = PBXFileReference; includeInIndex = 1; lastKnownFileType = text.xcconfig; name = "Pods-weather-cast.release.xcconfig"; path = "Pods/Target Support Files/Pods-weather-cast/Pods-weather-cast.release.xcconfig"; sourceTree = "<group>"; };
/* End PBXFileReference section */

/* Begin PBXFrameworksBuildPhase section */
		5AFA953C1E21F3D700FCDE36 /* Frameworks */ = {
			isa = PBXFrameworksBuildPhase;
			buildActionMask = 2147483647;
			files = (
				CC992B6AFFB3E2DE06B8FBD5 /* Pods_weather_cast.framework in Frameworks */,
			);
			runOnlyForDeploymentPostprocessing = 0;
		};
/* End PBXFrameworksBuildPhase section */

/* Begin PBXGroup section */
		0114AB24977A13484C3A396A /* Pods */ = {
			isa = PBXGroup;
			children = (
				9C2DA84964E8356810B700C6 /* Pods-weather-cast.debug.xcconfig */,
				DB576BACCFDC2859F0556CA2 /* Pods-weather-cast.release.xcconfig */,
			);
			name = Pods;
			sourceTree = "<group>";
		};
		2266C492F37E6B94AE394B02 /* Frameworks */ = {
			isa = PBXGroup;
			children = (
				C2E892BCABF3C2D0F3C91299 /* Pods_weather_cast.framework */,
			);
			name = Frameworks;
			sourceTree = "<group>";
		};
		5AFA95361E21F3D700FCDE36 = {
			isa = PBXGroup;
			children = (
				5AFA95411E21F3D700FCDE36 /* weather-cast */,
				5AFA95401E21F3D700FCDE36 /* Products */,
				0114AB24977A13484C3A396A /* Pods */,
				2266C492F37E6B94AE394B02 /* Frameworks */,
			);
			sourceTree = "<group>";
		};
		5AFA95401E21F3D700FCDE36 /* Products */ = {
			isa = PBXGroup;
			children = (
				5AFA953F1E21F3D700FCDE36 /* weather-cast.app */,
			);
			name = Products;
			sourceTree = "<group>";
		};
		5AFA95411E21F3D700FCDE36 /* weather-cast */ = {
			isa = PBXGroup;
			children = (
				5AFA95421E21F3D700FCDE36 /* AppDelegate.swift */,
				5AFA95441E21F3D700FCDE36 /* WeatherVC.swift */,
				5A81088B1E221979008AD958 /* CurrentWeather.swift */,
				5A81088D1E231349008AD958 /* Forecast.swift */,
				5AFA95461E21F3D700FCDE36 /* Main.storyboard */,
				5A8108891E2218B2008AD958 /* Constants.swift */,
				5AFA954C1E21F3D700FCDE36 /* Assets.xcassets */,
				5AFA954E1E21F3D700FCDE36 /* LaunchScreen.storyboard */,
				5AFA95511E21F3D700FCDE36 /* Info.plist */,
				5AFA95491E21F3D700FCDE36 /* weather_cast.xcdatamodeld */,
				5A8108931E231E08008AD958 /* WeatherCell.swift */,
				5A8108951E241873008AD958 /* Location.swift */,
			);
			path = "weather-cast";
			sourceTree = "<group>";
		};
/* End PBXGroup section */

/* Begin PBXNativeTarget section */
		5AFA953E1E21F3D700FCDE36 /* weather-cast */ = {
			isa = PBXNativeTarget;
			buildConfigurationList = 5AFA95541E21F3D700FCDE36 /* Build configuration list for PBXNativeTarget "weather-cast" */;
			buildPhases = (
				C625623FDEB9AB0CE2E99684 /* [CP] Check Pods Manifest.lock */,
				5AFA953B1E21F3D700FCDE36 /* Sources */,
				5AFA953C1E21F3D700FCDE36 /* Frameworks */,
				5AFA953D1E21F3D700FCDE36 /* Resources */,
				783CD31187A5E3532FFABE0E /* [CP] Embed Pods Frameworks */,
				3BCC5C2E4853CE56B0F392E9 /* [CP] Copy Pods Resources */,
			);
			buildRules = (
			);
			dependencies = (
			);
			name = "weather-cast";
			productName = "weather-cast";
			productReference = 5AFA953F1E21F3D700FCDE36 /* weather-cast.app */;
			productType = "com.apple.product-type.application";
		};
/* End PBXNativeTarget section */

/* Begin PBXProject section */
		5AFA95371E21F3D700FCDE36 /* Project object */ = {
			isa = PBXProject;
			attributes = {
				LastSwiftUpdateCheck = 0820;
				LastUpgradeCheck = 0820;
				ORGANIZATIONNAME = "Yuen Hsi Chang";
				TargetAttributes = {
					5AFA953E1E21F3D700FCDE36 = {
						CreatedOnToolsVersion = 8.2.1;
						DevelopmentTeam = Y967H2EAMT;
						ProvisioningStyle = Automatic;
					};
				};
			};
			buildConfigurationList = 5AFA953A1E21F3D700FCDE36 /* Build configuration list for PBXProject "weather-cast" */;
			compatibilityVersion = "Xcode 3.2";
			developmentRegion = English;
			hasScannedForEncodings = 0;
			knownRegions = (
				en,
				Base,
			);
			mainGroup = 5AFA95361E21F3D700FCDE36;
			productRefGroup = 5AFA95401E21F3D700FCDE36 /* Products */;
			projectDirPath = "";
			projectRoot = "";
			targets = (
				5AFA953E1E21F3D700FCDE36 /* weather-cast */,
			);
		};
/* End PBXProject section */

/* Begin PBXResourcesBuildPhase section */
		5AFA953D1E21F3D700FCDE36 /* Resources */ = {
			isa = PBXResourcesBuildPhase;
			buildActionMask = 2147483647;
			files = (
				5AFA95501E21F3D700FCDE36 /* LaunchScreen.storyboard in Resources */,
				5AFA954D1E21F3D700FCDE36 /* Assets.xcassets in Resources */,
				5AFA95481E21F3D700FCDE36 /* Main.storyboard in Resources */,
			);
			runOnlyForDeploymentPostprocessing = 0;
		};
/* End PBXResourcesBuildPhase section */

/* Begin PBXShellScriptBuildPhase section */
		3BCC5C2E4853CE56B0F392E9 /* [CP] Copy Pods Resources */ = {
			isa = PBXShellScriptBuildPhase;
			buildActionMask = 2147483647;
			files = (
			);
			inputPaths = (
			);
			name = "[CP] Copy Pods Resources";
			outputPaths = (
			);
			runOnlyForDeploymentPostprocessing = 0;
			shellPath = /bin/sh;
			shellScript = "\"${SRCROOT}/Pods/Target Support Files/Pods-weather-cast/Pods-weather-cast-resources.sh\"\n";
			showEnvVarsInLog = 0;
		};
		783CD31187A5E3532FFABE0E /* [CP] Embed Pods Frameworks */ = {
			isa = PBXShellScriptBuildPhase;
			buildActionMask = 2147483647;
			files = (
			);
			inputPaths = (
			);
			name = "[CP] Embed Pods Frameworks";
			outputPaths = (
			);
			runOnlyForDeploymentPostprocessing = 0;
			shellPath = /bin/sh;
			shellScript = "\"${SRCROOT}/Pods/Target Support Files/Pods-weather-cast/Pods-weather-cast-frameworks.sh\"\n";
			showEnvVarsInLog = 0;
		};
		C625623FDEB9AB0CE2E99684 /* [CP] Check Pods Manifest.lock */ = {
			isa = PBXShellScriptBuildPhase;
			buildActionMask = 2147483647;
			files = (
			);
			inputPaths = (
			);
			name = "[CP] Check Pods Manifest.lock";
			outputPaths = (
			);
			runOnlyForDeploymentPostprocessing = 0;
			shellPath = /bin/sh;
			shellScript = "diff \"${PODS_ROOT}/../Podfile.lock\" \"${PODS_ROOT}/Manifest.lock\" > /dev/null\nif [ $? != 0 ] ; then\n    # print error to STDERR\n    echo \"error: The sandbox is not in sync with the Podfile.lock. Run 'pod install' or update your CocoaPods installation.\" >&2\n    exit 1\nfi\n";
			showEnvVarsInLog = 0;
		};
/* End PBXShellScriptBuildPhase section */

/* Begin PBXSourcesBuildPhase section */
		5AFA953B1E21F3D700FCDE36 /* Sources */ = {
			isa = PBXSourcesBuildPhase;
			buildActionMask = 2147483647;
			files = (
				5AFA95451E21F3D700FCDE36 /* WeatherVC.swift in Sources */,
				5A81088C1E221979008AD958 /* CurrentWeather.swift in Sources */,
				5A8108961E241873008AD958 /* Location.swift in Sources */,
				5AFA95431E21F3D700FCDE36 /* AppDelegate.swift in Sources */,
				5AFA954B1E21F3D700FCDE36 /* weather_cast.xcdatamodeld in Sources */,
				5A81088E1E231349008AD958 /* Forecast.swift in Sources */,
				5A81088A1E2218B2008AD958 /* Constants.swift in Sources */,
				5A8108941E231E08008AD958 /* WeatherCell.swift in Sources */,
			);
			runOnlyForDeploymentPostprocessing = 0;
		};
/* End PBXSourcesBuildPhase section */

/* Begin PBXVariantGroup section */
		5AFA95461E21F3D700FCDE36 /* Main.storyboard */ = {
			isa = PBXVariantGroup;
			children = (
				5AFA95471E21F3D700FCDE36 /* Base */,
			);
			name = Main.storyboard;
			sourceTree = "<group>";
		};
		5AFA954E1E21F3D700FCDE36 /* LaunchScreen.storyboard */ = {
			isa = PBXVariantGroup;
			children = (
				5AFA954F1E21F3D700FCDE36 /* Base */,
			);
			name = LaunchScreen.storyboard;
			sourceTree = "<group>";
		};
/* End PBXVariantGroup section */

/* Begin XCBuildConfiguration section */
		5AFA95521E21F3D700FCDE36 /* Debug */ = {
			isa = XCBuildConfiguration;
			buildSettings = {
				ALWAYS_SEARCH_USER_PATHS = NO;
				CLANG_ANALYZER_NONNULL = YES;
				CLANG_CXX_LANGUAGE_STANDARD = "gnu++0x";
				CLANG_CXX_LIBRARY = "libc++";
				CLANG_ENABLE_MODULES = YES;
				CLANG_ENABLE_OBJC_ARC = YES;
				CLANG_WARN_BOOL_CONVERSION = YES;
				CLANG_WARN_CONSTANT_CONVERSION = YES;
				CLANG_WARN_DIRECT_OBJC_ISA_USAGE = YES_ERROR;
				CLANG_WARN_DOCUMENTATION_COMMENTS = YES;
				CLANG_WARN_EMPTY_BODY = YES;
				CLANG_WARN_ENUM_CONVERSION = YES;
				CLANG_WARN_INFINITE_RECURSION = YES;
				CLANG_WARN_INT_CONVERSION = YES;
				CLANG_WARN_OBJC_ROOT_CLASS = YES_ERROR;
				CLANG_WARN_SUSPICIOUS_MOVE = YES;
				CLANG_WARN_UNREACHABLE_CODE = YES;
				CLANG_WARN__DUPLICATE_METHOD_MATCH = YES;
				"CODE_SIGN_IDENTITY[sdk=iphoneos*]" = "iPhone Developer";
				COPY_PHASE_STRIP = NO;
				DEBUG_INFORMATION_FORMAT = dwarf;
				ENABLE_STRICT_OBJC_MSGSEND = YES;
				ENABLE_TESTABILITY = YES;
				GCC_C_LANGUAGE_STANDARD = gnu99;
				GCC_DYNAMIC_NO_PIC = NO;
				GCC_NO_COMMON_BLOCKS = YES;
				GCC_OPTIMIZATION_LEVEL = 0;
				GCC_PREPROCESSOR_DEFINITIONS = (
					"DEBUG=1",
					"$(inherited)",
				);
				GCC_WARN_64_TO_32_BIT_CONVERSION = YES;
				GCC_WARN_ABOUT_RETURN_TYPE = YES_ERROR;
				GCC_WARN_UNDECLARED_SELECTOR = YES;
				GCC_WARN_UNINITIALIZED_AUTOS = YES_AGGRESSIVE;
				GCC_WARN_UNUSED_FUNCTION = YES;
				GCC_WARN_UNUSED_VARIABLE = YES;
				IPHONEOS_DEPLOYMENT_TARGET = 10.2;
				MTL_ENABLE_DEBUG_INFO = YES;
				ONLY_ACTIVE_ARCH = YES;
				SDKROOT = iphoneos;
				SWIFT_ACTIVE_COMPILATION_CONDITIONS = DEBUG;
				SWIFT_OPTIMIZATION_LEVEL = "-Onone";
				TARGETED_DEVICE_FAMILY = "1,2";
			};
			name = Debug;
		};
		5AFA95531E21F3D700FCDE36 /* Release */ = {
			isa = XCBuildConfiguration;
			buildSettings = {
				ALWAYS_SEARCH_USER_PATHS = NO;
				CLANG_ANALYZER_NONNULL = YES;
				CLANG_CXX_LANGUAGE_STANDARD = "gnu++0x";
				CLANG_CXX_LIBRARY = "libc++";
				CLANG_ENABLE_MODULES = YES;
				CLANG_ENABLE_OBJC_ARC = YES;
				CLANG_WARN_BOOL_CONVERSION = YES;
				CLANG_WARN_CONSTANT_CONVERSION = YES;
				CLANG_WARN_DIRECT_OBJC_ISA_USAGE = YES_ERROR;
				CLANG_WARN_DOCUMENTATION_COMMENTS = YES;
				CLANG_WARN_EMPTY_BODY = YES;
				CLANG_WARN_ENUM_CONVERSION = YES;
				CLANG_WARN_INFINITE_RECURSION = YES;
				CLANG_WARN_INT_CONVERSION = YES;
				CLANG_WARN_OBJC_ROOT_CLASS = YES_ERROR;
				CLANG_WARN_SUSPICIOUS_MOVE = YES;
				CLANG_WARN_UNREACHABLE_CODE = YES;
				CLANG_WARN__DUPLICATE_METHOD_MATCH = YES;
				"CODE_SIGN_IDENTITY[sdk=iphoneos*]" = "iPhone Developer";
				COPY_PHASE_STRIP = NO;
				DEBUG_INFORMATION_FORMAT = "dwarf-with-dsym";
				ENABLE_NS_ASSERTIONS = NO;
				ENABLE_STRICT_OBJC_MSGSEND = YES;
				GCC_C_LANGUAGE_STANDARD = gnu99;
				GCC_NO_COMMON_BLOCKS = YES;
				GCC_WARN_64_TO_32_BIT_CONVERSION = YES;
				GCC_WARN_ABOUT_RETURN_TYPE = YES_ERROR;
				GCC_WARN_UNDECLARED_SELECTOR = YES;
				GCC_WARN_UNINITIALIZED_AUTOS = YES_AGGRESSIVE;
				GCC_WARN_UNUSED_FUNCTION = YES;
				GCC_WARN_UNUSED_VARIABLE = YES;
				IPHONEOS_DEPLOYMENT_TARGET = 10.2;
				MTL_ENABLE_DEBUG_INFO = NO;
				SDKROOT = iphoneos;
				SWIFT_OPTIMIZATION_LEVEL = "-Owholemodule";
				TARGETED_DEVICE_FAMILY = "1,2";
				VALIDATE_PRODUCT = YES;
			};
			name = Release;
		};
		5AFA95551E21F3D700FCDE36 /* Debug */ = {
			isa = XCBuildConfiguration;
			baseConfigurationReference = 9C2DA84964E8356810B700C6 /* Pods-weather-cast.debug.xcconfig */;
			buildSettings = {
				ALWAYS_EMBED_SWIFT_STANDARD_LIBRARIES = YES;
				ASSETCATALOG_COMPILER_APPICON_NAME = AppIcon;
				DEVELOPMENT_TEAM = Y967H2EAMT;
				INFOPLIST_FILE = "weather-cast/Info.plist";
				LD_RUNPATH_SEARCH_PATHS = "$(inherited) @executable_path/Frameworks";
				PRODUCT_BUNDLE_IDENTIFIER = "ftl.weather-cast";
				PRODUCT_NAME = "$(TARGET_NAME)";
				SWIFT_VERSION = 3.0;
				TARGETED_DEVICE_FAMILY = 1;
			};
			name = Debug;
		};
		5AFA95561E21F3D700FCDE36 /* Release */ = {
			isa = XCBuildConfiguration;
			baseConfigurationReference = DB576BACCFDC2859F0556CA2 /* Pods-weather-cast.release.xcconfig */;
			buildSettings = {
				ALWAYS_EMBED_SWIFT_STANDARD_LIBRARIES = YES;
				ASSETCATALOG_COMPILER_APPICON_NAME = AppIcon;
				DEVELOPMENT_TEAM = Y967H2EAMT;
				INFOPLIST_FILE = "weather-cast/Info.plist";
				LD_RUNPATH_SEARCH_PATHS = "$(inherited) @executable_path/Frameworks";
				PRODUCT_BUNDLE_IDENTIFIER = "ftl.weather-cast";
				PRODUCT_NAME = "$(TARGET_NAME)";
				SWIFT_VERSION = 3.0;
				TARGETED_DEVICE_FAMILY = 1;
			};
			name = Release;
		};
/* End XCBuildConfiguration section */

/* Begin XCConfigurationList section */
		5AFA953A1E21F3D700FCDE36 /* Build configuration list for PBXProject "weather-cast" */ = {
			isa = XCConfigurationList;
			buildConfigurations = (
				5AFA95521E21F3D700FCDE36 /* Debug */,
				5AFA95531E21F3D700FCDE36 /* Release */,
			);
			defaultConfigurationIsVisible = 0;
			defaultConfigurationName = Release;
		};
		5AFA95541E21F3D700FCDE36 /* Build configuration list for PBXNativeTarget "weather-cast" */ = {
			isa = XCConfigurationList;
			buildConfigurations = (
				5AFA95551E21F3D700FCDE36 /* Debug */,
				5AFA95561E21F3D700FCDE36 /* Release */,
			);
			defaultConfigurationIsVisible = 0;
			defaultConfigurationName = Release;
		};
/* End XCConfigurationList section */

/* Begin XCVersionGroup section */
		5AFA95491E21F3D700FCDE36 /* weather_cast.xcdatamodeld */ = {
			isa = XCVersionGroup;
			children = (
				5AFA954A1E21F3D700FCDE36 /* weather_cast.xcdatamodel */,
			);
			currentVersion = 5AFA954A1E21F3D700FCDE36 /* weather_cast.xcdatamodel */;
			path = weather_cast.xcdatamodeld;
			sourceTree = "<group>";
			versionGroupType = wrapper.xcdatamodel;
		};
/* End XCVersionGroup section */
	};
	rootObject = 5AFA95371E21F3D700FCDE36 /* Project object */;
}
